
Microsoft Visual Studio Solution File, Format Version 12.00
# Visual Studio Version 17
VisualStudioVersion = 17.7.34024.191
MinimumVisualStudioVersion = 10.0.40219.1
Project("{FAE04EC0-301F-11D3-BF4B-00C04F79EFBC}") = "SantaSion", "SantaSion\SantaSion.csproj", "{94E5E860-AB04-4C82-ADE1-D73970DA8326}"
EndProject
Global
	GlobalSection(SolutionConfigurationPlatforms) = preSolution
		Debug|Any CPU = Debug|Any CPU
		Release|Any CPU = Release|Any CPU
	EndGlobalSection
	GlobalSection(ProjectConfigurationPlatforms) = postSolution
		{94E5E860-AB04-4C82-ADE1-D73970DA8326}.Debug|Any CPU.ActiveCfg = Debug|Any CPU
		{94E5E860-AB04-4C82-ADE1-D73970DA8326}.Debug|Any CPU.Build.0 = Debug|Any CPU
		{94E5E860-AB04-4C82-ADE1-D73970DA8326}.Release|Any CPU.ActiveCfg = Release|Any CPU
		{94E5E860-AB04-4C82-ADE1-D73970DA8326}.Release|Any CPU.Build.0 = Release|Any CPU
	EndGlobalSection
	GlobalSection(SolutionProperties) = preSolution
		HideSolutionNode = FALSE
	EndGlobalSection
	GlobalSection(ExtensibilityGlobals) = postSolution
		SolutionGuid = {46F35855-5BEB-4C81-B088-3980330E952E}
	EndGlobalSection
EndGlobal
